
Microsoft Visual Studio Solution File, Format Version 12.00
# Visual Studio Version 17
VisualStudioVersion = 17.13.35828.75 d17.13
MinimumVisualStudioVersion = 10.0.40219.1
Project("{2150E333-8FDC-42A3-9474-1A3956D46DE8}") = "Services", "Services", "{02EA681E-C7D8-13C7-8484-4AC65E1B71E8}"
EndProject
Project("{2150E333-8FDC-42A3-9474-1A3956D46DE8}") = "Catalog", "Catalog", "{376C971A-74B6-4952-86C3-E4C54C3A9001}"
EndProject
Project("{FAE04EC0-301F-11D3-BF4B-00C04F79EFBC}") = "Catalog.API", "Services\Catalog\Catalog.API\Catalog.API.csproj", "{EE4C2ECA-E39D-419E-8420-5E9BCE9BE5E7}"
EndProject
Global
	GlobalSection(SolutionConfigurationPlatforms) = preSolution
		Debug|Any CPU = Debug|Any CPU
		Release|Any CPU = Release|Any CPU
	EndGlobalSection
	GlobalSection(ProjectConfigurationPlatforms) = postSolution
		{EE4C2ECA-E39D-419E-8420-5E9BCE9BE5E7}.Debug|Any CPU.ActiveCfg = Debug|Any CPU
		{EE4C2ECA-E39D-419E-8420-5E9BCE9BE5E7}.Debug|Any CPU.Build.0 = Debug|Any CPU
		{EE4C2ECA-E39D-419E-8420-5E9BCE9BE5E7}.Release|Any CPU.ActiveCfg = Release|Any CPU
		{EE4C2ECA-E39D-419E-8420-5E9BCE9BE5E7}.Release|Any CPU.Build.0 = Release|Any CPU
	EndGlobalSection
	GlobalSection(SolutionProperties) = preSolution
		HideSolutionNode = FALSE
	EndGlobalSection
	GlobalSection(NestedProjects) = preSolution
		{376C971A-74B6-4952-86C3-E4C54C3A9001} = {02EA681E-C7D8-13C7-8484-4AC65E1B71E8}
		{EE4C2ECA-E39D-419E-8420-5E9BCE9BE5E7} = {376C971A-74B6-4952-86C3-E4C54C3A9001}
	EndGlobalSection
	GlobalSection(ExtensibilityGlobals) = postSolution
		SolutionGuid = {C33FB610-127C-48B1-8B5B-6D43F0FF2D35}
	EndGlobalSection
EndGlobal
